PODS:
  - auropay-payments-sandbox (1.2.3)
  - auropay_payments_sandbox (0.0.1):
    - auropay-payments-sandbox (= 1.2.3)
    - Flutter
  - Flutter (1.0.0)
  - integration_test (0.0.1):
    - Flutter

DEPENDENCIES:
  - auropay_payments_sandbox (from `.symlinks/plugins/auropay_payments_sandbox/ios`)
  - Flutter (from `Flutter`)
  - integration_test (from `.symlinks/plugins/integration_test/ios`)

SPEC REPOS:
  trunk:
    - auropay-payments-sandbox

EXTERNAL SOURCES:
  auropay_payments_sandbox:
    :path: ".symlinks/plugins/auropay_payments_sandbox/ios"
  Flutter:
    :path: Flutter
  integration_test:
    :path: ".symlinks/plugins/integration_test/ios"

SPEC CHECKSUMS:
  auropay-payments-sandbox: 4873680f2f4f94866980e4e9c8622eaf5788b37e
  auropay_payments_sandbox: 5a667cafa49c2f36c31ca2ae4b6742e0216b9e55
  Flutter: e0871f40cf51350855a761d2e70bf5af5b9b5de7
  integration_test: 4a889634ef21a45d28d50d622cf412dc6d9f586e

PODFILE CHECKSUM: a57f30d18f102dd3ce366b1d62a55ecbef2158e5

COCOAPODS: 1.16.2
